
Microsoft Visual Studio Solution File, Format Version 12.00
# Visual Studio Version 16
VisualStudioVersion = 16.0.29102.190
MinimumVisualStudioVersion = 10.0.40219.1
Project("{FAE04EC0-301F-11D3-BF4B-00C04F79EFBC}") = "themaB_2019", "themaB_2019.csproj", "{800DD543-1B4F-4996-BC51-0B8104F78D20}"
EndProject
Global
	GlobalSection(SolutionConfigurationPlatforms) = preSolution
		Debug|Any CPU = Debug|Any CPU
		Release|Any CPU = Release|Any CPU
	EndGlobalSection
	GlobalSection(ProjectConfigurationPlatforms) = postSolution
		{800DD543-1B4F-4996-BC51-0B8104F78D20}.Debug|Any CPU.ActiveCfg = Debug|Any CPU
		{800DD543-1B4F-4996-BC51-0B8104F78D20}.Debug|Any CPU.Build.0 = Debug|Any CPU
		{800DD543-1B4F-4996-BC51-0B8104F78D20}.Release|Any CPU.ActiveCfg = Release|Any CPU
		{800DD543-1B4F-4996-BC51-0B8104F78D20}.Release|Any CPU.Build.0 = Release|Any CPU
	EndGlobalSection
	GlobalSection(SolutionProperties) = preSolution
		HideSolutionNode = FALSE
	EndGlobalSection
	GlobalSection(ExtensibilityGlobals) = postSolution
		SolutionGuid = {EC831D41-9E77-4BF2-8FE9-7D0F2163335F}
	EndGlobalSection
EndGlobal
